Microsoft Visual Studio Solution File, Format Version 12.00
# Visual Studio Version 17
VisualStudioVersion = 17.12.35209.166
MinimumVisualStudioVersion = 10.0.40219.1
Project("{FAE04EC0-301F-11D3-BF4B-00C04F79EFBC}") = "SaschasToolbox", "SaschasToolbox\SaschasToolbox.csproj", "{52A01F66-C111-4D15-B978-CBBA81CCD7C0}"
EndProject
Project("{FAE04EC0-301F-11D3-BF4B-00C04F79EFBC}") = "SaschasToolbox.Tests", "SasachasToolbox.Tests\SaschasToolbox.Tests.csproj", "{5B76665B-8F43-4F8D-B2F3-398BA66F83A1}"
EndProject
Global
	GlobalSection(SolutionConfigurationPlatforms) = preSolution
		Debug|Any CPU = Debug|Any CPU
		Release|Any CPU = Release|Any CPU
	EndGlobalSection
	GlobalSection(ProjectConfigurationPlatforms) = postSolution
		{52A01F66-C111-4D15-B978-CBBA81CCD7C0}.Debug|Any CPU.ActiveCfg = Debug|Any CPU
		{52A01F66-C111-4D15-B978-CBBA81CCD7C0}.Debug|Any CPU.Build.0 = Debug|Any CPU
		{52A01F66-C111-4D15-B978-CBBA81CCD7C0}.Release|Any CPU.ActiveCfg = Release|Any CPU
		{52A01F66-C111-4D15-B978-CBBA81CCD7C0}.Release|Any CPU.Build.0 = Release|Any CPU
		{5B76665B-8F43-4F8D-B2F3-398BA66F83A1}.Debug|Any CPU.ActiveCfg = Debug|Any CPU
		{5B76665B-8F43-4F8D-B2F3-398BA66F83A1}.Debug|Any CPU.Build.0 = Debug|Any CPU
		{5B76665B-8F43-4F8D-B2F3-398BA66F83A1}.Release|Any CPU.ActiveCfg = Release|Any CPU
		{5B76665B-8F43-4F8D-B2F3-398BA66F83A1}.Release|Any CPU.Build.0 = Release|Any CPU
	EndGlobalSection
	GlobalSection(SolutionProperties) = preSolution
		HideSolutionNode = FALSE
	EndGlobalSection
	GlobalSection(ExtensibilityGlobals) = postSolution
		SolutionGuid = {EF383AD2-AC9D-4338-999C-9CC6E39E84B5}
	EndGlobalSection
EndGlobal
